<Solution>
  <Project Path="Задание-1/Задание-1.csproj" Id="104b44c3-3f14-44b5-b705-2eed2538444c" />
  <Project Path="Задание-2/Задание-2.csproj" Id="0e1ab6d8-525c-4136-85f7-f7d2b6cc9d2d" />
  <Project Path="Задание-3/Задание-3.csproj" Id="a73cea0d-c252-4675-9642-52abe2d91720" />
  <Project Path="Задание-4/Задание-4.csproj" Id="5f5aba51-98d3-491c-b241-ba97da3deea5" />
</Solution>
